// !$*UTF8*$!
{
	archiveVersion = 1;
	classes = {
	};
	objectVersion = 51;
	objects = {

/* Begin PBXBuildFile section */
		36AA45A44263FA5D958CE700 /* Pods_Chef_Kit_Chef_KitUITests.framework in Frameworks */ = {isa = PBXBuildFile; fileRef = 5DE9E8631DF079238A439175 /* Pods_Chef_Kit_Chef_KitUITests.framework */; };
		B1B24853DE1AFAFAE5ED9B1E /* Pods_Chef_KitTests.framework in Frameworks */ = {isa = PBXBuildFile; fileRef = 7A4F47917B19053DBA40573F /* Pods_Chef_KitTests.framework */; };
		D1AD9C5B25372010002ABFF5 /* AppDelegate.swift in Sources */ = {isa = PBXBuildFile; fileRef = D1AD9C5A25372010002ABFF5 /* AppDelegate.swift */; };
		D1AD9C5F25372010002ABFF5 /* ViewController.swift in Sources */ = {isa = PBXBuildFile; fileRef = D1AD9C5E25372010002ABFF5 /* ViewController.swift */; };
		D1AD9C6225372010002ABFF5 /* Main.storyboard in Resources */ = {isa = PBXBuildFile; fileRef = D1AD9C6025372010002ABFF5 /* Main.storyboard */; };
		D1AD9C6425372014002ABFF5 /* Assets.xcassets in Resources */ = {isa = PBXBuildFile; fileRef = D1AD9C6325372014002ABFF5 /* Assets.xcassets */; };
		D1AD9C6725372014002ABFF5 /* LaunchScreen.storyboard in Resources */ = {isa = PBXBuildFile; fileRef = D1AD9C6525372014002ABFF5 /* LaunchScreen.storyboard */; };
		D1AD9C7225372015002ABFF5 /* Chef_KitTests.swift in Sources */ = {isa = PBXBuildFile; fileRef = D1AD9C7125372015002ABFF5 /* Chef_KitTests.swift */; };
		D1AD9C7D25372015002ABFF5 /* Chef_KitUITests.swift in Sources */ = {isa = PBXBuildFile; fileRef = D1AD9C7C25372015002ABFF5 /* Chef_KitUITests.swift */; };
		D2A597BAA45D4CBA3253A488 /* Pods_Chef_Kit.framework in Frameworks */ = {isa = PBXBuildFile; fileRef = 9563E55B0F9B939B0013312F /* Pods_Chef_Kit.framework */; };
/* End PBXBuildFile section */

/* Begin PBXContainerItemProxy section */
		D1AD9C6E25372015002ABFF5 /* PBXContainerItemProxy */ = {
			isa = PBXContainerItemProxy;
			containerPortal = D1AD9C4F25372010002ABFF5 /* Project object */;
			proxyType = 1;
			remoteGlobalIDString = D1AD9C5625372010002ABFF5;
			remoteInfo = "Chef Kit";
		};
		D1AD9C7925372015002ABFF5 /* PBXContainerItemProxy */ = {
			isa = PBXContainerItemProxy;
			containerPortal = D1AD9C4F25372010002ABFF5 /* Project object */;
			proxyType = 1;
			remoteGlobalIDString = D1AD9C5625372010002ABFF5;
			remoteInfo = "Chef Kit";
		};
/* End PBXContainerItemProxy section */

/* Begin PBXFileReference section */
		3F9284390C6D3031672DD8F2 /* Pods-Chef Kit-Chef KitUITests.debug.xcconfig */ = {isa = PBXFileReference; includeInIndex = 1; lastKnownFileType = text.xcconfig; name = "Pods-Chef Kit-Chef KitUITests.debug.xcconfig"; path = "Target Support Files/Pods-Chef Kit-Chef KitUITests/Pods-Chef Kit-Chef KitUITests.debug.xcconfig"; sourceTree = "<group>"; };
		4CF4CE5533A4C430FEA99F13 /* Pods-Chef KitTests.release.xcconfig */ = {isa = PBXFileReference; includeInIndex = 1; lastKnownFileType = text.xcconfig; name = "Pods-Chef KitTests.release.xcconfig"; path = "Target Support Files/Pods-Chef KitTests/Pods-Chef KitTests.release.xcconfig"; sourceTree = "<group>"; };
		5DE9E8631DF079238A439175 /* Pods_Chef_Kit_Chef_KitUITests.framework */ = {isa = PBXFileReference; explicitFileType = wrapper.framework; includeInIndex = 0; path = Pods_Chef_Kit_Chef_KitUITests.framework; sourceTree = BUILT_PRODUCTS_DIR; };
		7A4F47917B19053DBA40573F /* Pods_Chef_KitTests.framework */ = {isa = PBXFileReference; explicitFileType = wrapper.framework; includeInIndex = 0; path = Pods_Chef_KitTests.framework; sourceTree = BUILT_PRODUCTS_DIR; };
		9563E55B0F9B939B0013312F /* Pods_Chef_Kit.framework */ = {isa = PBXFileReference; explicitFileType = wrapper.framework; includeInIndex = 0; path = Pods_Chef_Kit.framework; sourceTree = BUILT_PRODUCTS_DIR; };
		A9A6C98CB6013CE1B39D2F35 /* Pods-Chef KitTests.debug.xcconfig */ = {isa = PBXFileReference; includeInIndex = 1; lastKnownFileType = text.xcconfig; name = "Pods-Chef KitTests.debug.xcconfig"; path = "Target Support Files/Pods-Chef KitTests/Pods-Chef KitTests.debug.xcconfig"; sourceTree = "<group>"; };
		B4A3D8BF4463225F4D5DE438 /* Pods-Chef Kit.debug.xcconfig */ = {isa = PBXFileReference; includeInIndex = 1; lastKnownFileType = text.xcconfig; name = "Pods-Chef Kit.debug.xcconfig"; path = "Target Support Files/Pods-Chef Kit/Pods-Chef Kit.debug.xcconfig"; sourceTree = "<group>"; };
		B5B375FBB3DFC21ED560EA56 /* Pods-Chef Kit.release.xcconfig */ = {isa = PBXFileReference; includeInIndex = 1; lastKnownFileType = text.xcconfig; name = "Pods-Chef Kit.release.xcconfig"; path = "Target Support Files/Pods-Chef Kit/Pods-Chef Kit.release.xcconfig"; sourceTree = "<group>"; };
		D1AD9C5725372010002ABFF5 /* Chef Kit.app */ = {isa = PBXFileReference; explicitFileType = wrapper.application; includeInIndex = 0; path = "Chef Kit.app"; sourceTree = BUILT_PRODUCTS_DIR; };
		D1AD9C5A25372010002ABFF5 /* AppDelegate.swift */ = {isa = PBXFileReference; lastKnownFileType = sourcecode.swift; path = AppDelegate.swift; sourceTree = "<group>"; };
		D1AD9C5E25372010002ABFF5 /* ViewController.swift */ = {isa = PBXFileReference; lastKnownFileType = sourcecode.swift; path = ViewController.swift; sourceTree = "<group>"; };
		D1AD9C6125372010002ABFF5 /* Base */ = {isa = PBXFileReference; lastKnownFileType = file.storyboard; name = Base; path = Base.lproj/Main.storyboard; sourceTree = "<group>"; };
		D1AD9C6325372014002ABFF5 /* Assets.xcassets */ = {isa = PBXFileReference; lastKnownFileType = folder.assetcatalog; path = Assets.xcassets; sourceTree = "<group>"; };
		D1AD9C6625372014002ABFF5 /* Base */ = {isa = PBXFileReference; lastKnownFileType = file.storyboard; name = Base; path = Base.lproj/LaunchScreen.storyboard; sourceTree = "<group>"; };
		D1AD9C6825372014002ABFF5 /* Info.plist */ = {isa = PBXFileReference; lastKnownFileType = text.plist.xml; path = Info.plist; sourceTree = "<group>"; };
		D1AD9C6D25372015002ABFF5 /* Chef KitTests.xctest */ = {isa = PBXFileReference; explicitFileType = wrapper.cfbundle; includeInIndex = 0; path = "Chef KitTests.xctest"; sourceTree = BUILT_PRODUCTS_DIR; };
		D1AD9C7125372015002ABFF5 /* Chef_KitTests.swift */ = {isa = PBXFileReference; lastKnownFileType = sourcecode.swift; path = Chef_KitTests.swift; sourceTree = "<group>"; };
		D1AD9C7325372015002ABFF5 /* Info.plist */ = {isa = PBXFileReference; lastKnownFileType = text.plist.xml; path = Info.plist; sourceTree = "<group>"; };
		D1AD9C7825372015002ABFF5 /* Chef KitUITests.xctest */ = {isa = PBXFileReference; explicitFileType = wrapper.cfbundle; includeInIndex = 0; path = "Chef KitUITests.xctest"; sourceTree = BUILT_PRODUCTS_DIR; };
		D1AD9C7C25372015002ABFF5 /* Chef_KitUITests.swift */ = {isa = PBXFileReference; lastKnownFileType = sourcecode.swift; path = Chef_KitUITests.swift; sourceTree = "<group>"; };
		D1AD9C7E25372015002ABFF5 /* Info.plist */ = {isa = PBXFileReference; lastKnownFileType = text.plist.xml; path = Info.plist; sourceTree = "<group>"; };
		DEB361181385FE7B67ECB5FE /* Pods-Chef Kit-Chef KitUITests.release.xcconfig */ = {isa = PBXFileReference; includeInIndex = 1; lastKnownFileType = text.xcconfig; name = "Pods-Chef Kit-Chef KitUITests.release.xcconfig"; path = "Target Support Files/Pods-Chef Kit-Chef KitUITests/Pods-Chef Kit-Chef KitUITests.release.xcconfig"; sourceTree = "<group>"; };
/* End PBXFileReference section */

/* Begin PBXFrameworksBuildPhase section */
		D1AD9C5425372010002ABFF5 /* Frameworks */ = {
			isa = PBXFrameworksBuildPhase;
			buildActionMask = 2147483647;
			files = (
				D2A597BAA45D4CBA3253A488 /* Pods_Chef_Kit.framework in Frameworks */,
			);
			runOnlyForDeploymentPostprocessing = 0;
		};
		D1AD9C6A25372015002ABFF5 /* Frameworks */ = {
			isa = PBXFrameworksBuildPhase;
			buildActionMask = 2147483647;
			files = (
				B1B24853DE1AFAFAE5ED9B1E /* Pods_Chef_KitTests.framework in Frameworks */,
			);
			runOnlyForDeploymentPostprocessing = 0;
		};
		D1AD9C7525372015002ABFF5 /* Frameworks */ = {
			isa = PBXFrameworksBuildPhase;
			buildActionMask = 2147483647;
			files = (
				36AA45A44263FA5D958CE700 /* Pods_Chef_Kit_Chef_KitUITests.framework in Frameworks */,
			);
			runOnlyForDeploymentPostprocessing = 0;
		};
/* End PBXFrameworksBuildPhase section */

/* Begin PBXGroup section */
		A13D112078730A3EEE22CB0D /* Frameworks */ = {
			isa = PBXGroup;
			children = (
				9563E55B0F9B939B0013312F /* Pods_Chef_Kit.framework */,
				5DE9E8631DF079238A439175 /* Pods_Chef_Kit_Chef_KitUITests.framework */,
				7A4F47917B19053DBA40573F /* Pods_Chef_KitTests.framework */,
			);
			name = Frameworks;
			sourceTree = "<group>";
		};
		AD3806FE6319AE22CA9897F4 /* Pods */ = {
			isa = PBXGroup;
			children = (
				B4A3D8BF4463225F4D5DE438 /* Pods-Chef Kit.debug.xcconfig */,
				B5B375FBB3DFC21ED560EA56 /* Pods-Chef Kit.release.xcconfig */,
				3F9284390C6D3031672DD8F2 /* Pods-Chef Kit-Chef KitUITests.debug.xcconfig */,
				DEB361181385FE7B67ECB5FE /* Pods-Chef Kit-Chef KitUITests.release.xcconfig */,
				A9A6C98CB6013CE1B39D2F35 /* Pods-Chef KitTests.debug.xcconfig */,
				4CF4CE5533A4C430FEA99F13 /* Pods-Chef KitTests.release.xcconfig */,
			);
			path = Pods;
			sourceTree = "<group>";
		};
		D1AD9C4E25372010002ABFF5 = {
			isa = PBXGroup;
			children = (
				D1AD9C5925372010002ABFF5 /* Chef Kit */,
				D1AD9C7025372015002ABFF5 /* Chef KitTests */,
				D1AD9C7B25372015002ABFF5 /* Chef KitUITests */,
				D1AD9C5825372010002ABFF5 /* Products */,
				AD3806FE6319AE22CA9897F4 /* Pods */,
				A13D112078730A3EEE22CB0D /* Frameworks */,
			);
			sourceTree = "<group>";
		};
		D1AD9C5825372010002ABFF5 /* Products */ = {
			isa = PBXGroup;
			children = (
				D1AD9C5725372010002ABFF5 /* Chef Kit.app */,
				D1AD9C6D25372015002ABFF5 /* Chef KitTests.xctest */,
				D1AD9C7825372015002ABFF5 /* Chef KitUITests.xctest */,
			);
			name = Products;
			sourceTree = "<group>";
		};
		D1AD9C5925372010002ABFF5 /* Chef Kit */ = {
			isa = PBXGroup;
			children = (
				D1AD9C5A25372010002ABFF5 /* AppDelegate.swift */,
				D1AD9C5E25372010002ABFF5 /* ViewController.swift */,
				D1AD9C6025372010002ABFF5 /* Main.storyboard */,
				D1AD9C6325372014002ABFF5 /* Assets.xcassets */,
				D1AD9C6525372014002ABFF5 /* LaunchScreen.storyboard */,
				D1AD9C6825372014002ABFF5 /* Info.plist */,
			);
			path = "Chef Kit";
			sourceTree = "<group>";
		};
		D1AD9C7025372015002ABFF5 /* Chef KitTests */ = {
			isa = PBXGroup;
			children = (
				D1AD9C7125372015002ABFF5 /* Chef_KitTests.swift */,
				D1AD9C7325372015002ABFF5 /* Info.plist */,
			);
			path = "Chef KitTests";
			sourceTree = "<group>";
		};
		D1AD9C7B25372015002ABFF5 /* Chef KitUITests */ = {
			isa = PBXGroup;
			children = (
				D1AD9C7C25372015002ABFF5 /* Chef_KitUITests.swift */,
				D1AD9C7E25372015002ABFF5 /* Info.plist */,
			);
			path = "Chef KitUITests";
			sourceTree = "<group>";
		};
/* End PBXGroup section */

/* Begin PBXNativeTarget section */
		D1AD9C5625372010002ABFF5 /* Chef Kit */ = {
			isa = PBXNativeTarget;
			buildConfigurationList = D1AD9C8125372015002ABFF5 /* Build configuration list for PBXNativeTarget "Chef Kit" */;
			buildPhases = (
				482A32409C45F975002BCE6D /* [CP] Check Pods Manifest.lock */,
				D1AD9C5325372010002ABFF5 /* Sources */,
				D1AD9C5425372010002ABFF5 /* Frameworks */,
				D1AD9C5525372010002ABFF5 /* Resources */,
				E60FA2B109DB85C9938DEB9C /* [CP] Embed Pods Frameworks */,
			);
			buildRules = (
			);
			dependencies = (
			);
			name = "Chef Kit";
			productName = "Chef Kit";
			productReference = D1AD9C5725372010002ABFF5 /* Chef Kit.app */;
			productType = "com.apple.product-type.application";
		};
		D1AD9C6C25372015002ABFF5 /* Chef KitTests */ = {
			isa = PBXNativeTarget;
			buildConfigurationList = D1AD9C8425372015002ABFF5 /* Build configuration list for PBXNativeTarget "Chef KitTests" */;
			buildPhases = (
				D6CEFA95BBB1F8BD966B13B0 /* [CP] Check Pods Manifest.lock */,
				D1AD9C6925372015002ABFF5 /* Sources */,
				D1AD9C6A25372015002ABFF5 /* Frameworks */,
				D1AD9C6B25372015002ABFF5 /* Resources */,
			);
			buildRules = (
			);
			dependencies = (
				D1AD9C6F25372015002ABFF5 /* PBXTargetDependency */,
			);
			name = "Chef KitTests";
			productName = "Chef KitTests";
			productReference = D1AD9C6D25372015002ABFF5 /* Chef KitTests.xctest */;
			productType = "com.apple.product-type.bundle.unit-test";
		};
		D1AD9C7725372015002ABFF5 /* Chef KitUITests */ = {
			isa = PBXNativeTarget;
			buildConfigurationList = D1AD9C8725372015002ABFF5 /* Build configuration list for PBXNativeTarget "Chef KitUITests" */;
			buildPhases = (
				E4FE5DB4B777760C61715B75 /* [CP] Check Pods Manifest.lock */,
				D1AD9C7425372015002ABFF5 /* Sources */,
				D1AD9C7525372015002ABFF5 /* Frameworks */,
				D1AD9C7625372015002ABFF5 /* Resources */,
				F49AEB33772224AE4E547FC5 /* [CP] Embed Pods Frameworks */,
			);
			buildRules = (
			);
			dependencies = (
				D1AD9C7A25372015002ABFF5 /* PBXTargetDependency */,
			);
			name = "Chef KitUITests";
			productName = "Chef KitUITests";
			productReference = D1AD9C7825372015002ABFF5 /* Chef KitUITests.xctest */;
			productType = "com.apple.product-type.bundle.ui-testing";
		};
/* End PBXNativeTarget section */

/* Begin PBXProject section */
		D1AD9C4F25372010002ABFF5 /* Project object */ = {
			isa = PBXProject;
			attributes = {
				LastSwiftUpdateCheck = 1130;
				LastUpgradeCheck = 1130;
				ORGANIZATIONNAME = Brewers;
				TargetAttributes = {
					D1AD9C5625372010002ABFF5 = {
						CreatedOnToolsVersion = 11.3;
					};
					D1AD9C6C25372015002ABFF5 = {
						CreatedOnToolsVersion = 11.3;
						TestTargetID = D1AD9C5625372010002ABFF5;
					};
					D1AD9C7725372015002ABFF5 = {
						CreatedOnToolsVersion = 11.3;
						TestTargetID = D1AD9C5625372010002ABFF5;
					};
				};
			};
			buildConfigurationList = D1AD9C5225372010002ABFF5 /* Build configuration list for PBXProject "Chef Kit" */;
			compatibilityVersion = "Xcode 9.3";
			developmentRegion = en;
			hasScannedForEncodings = 0;
			knownRegions = (
				en,
				Base,
			);
			mainGroup = D1AD9C4E25372010002ABFF5;
			productRefGroup = D1AD9C5825372010002ABFF5 /* Products */;
			projectDirPath = "";
			projectRoot = "";
			targets = (
				D1AD9C5625372010002ABFF5 /* Chef Kit */,
				D1AD9C6C25372015002ABFF5 /* Chef KitTests */,
				D1AD9C7725372015002ABFF5 /* Chef KitUITests */,
			);
		};
/* End PBXProject section */

/* Begin PBXResourcesBuildPhase section */
		D1AD9C5525372010002ABFF5 /* Resources */ = {
			isa = PBXResourcesBuildPhase;
			buildActionMask = 2147483647;
			files = (
				D1AD9C6725372014002ABFF5 /* LaunchScreen.storyboard in Resources */,
				D1AD9C6425372014002ABFF5 /* Assets.xcassets in Resources */,
				D1AD9C6225372010002ABFF5 /* Main.storyboard in Resources */,
			);
			runOnlyForDeploymentPostprocessing = 0;
		};
		D1AD9C6B25372015002ABFF5 /* Resources */ = {
			isa = PBXResourcesBuildPhase;
			buildActionMask = 2147483647;
			files = (
			);
			runOnlyForDeploymentPostprocessing = 0;
		};
		D1AD9C7625372015002ABFF5 /* Resources */ = {
			isa = PBXResourcesBuildPhase;
			buildActionMask = 2147483647;
			files = (
			);
			runOnlyForDeploymentPostprocessing = 0;
		};
/* End PBXResourcesBuildPhase section */

/* Begin PBXShellScriptBuildPhase section */
		482A32409C45F975002BCE6D /* [CP] Check Pods Manifest.lock */ = {
			isa = PBXShellScriptBuildPhase;
			buildActionMask = 2147483647;
			files = (
			);
			inputFileListPaths = (
			);
			inputPaths = (
				"${PODS_PODFILE_DIR_PATH}/Podfile.lock",
				"${PODS_ROOT}/Manifest.lock",
			);
			name = "[CP] Check Pods Manifest.lock";
			outputFileListPaths = (
			);
			outputPaths = (
				"$(DERIVED_FILE_DIR)/Pods-Chef Kit-checkManifestLockResult.txt",
			);
			runOnlyForDeploymentPostprocessing = 0;
			shellPath = /bin/sh;
			shellScript = "diff \"${PODS_PODFILE_DIR_PATH}/Podfile.lock\" \"${PODS_ROOT}/Manifest.lock\" > /dev/null\nif [ $? != 0 ] ; then\n    # print error to STDERR\n    echo \"error: The sandbox is not in sync with the Podfile.lock. Run 'pod install' or update your CocoaPods installation.\" >&2\n    exit 1\nfi\n# This output is used by Xcode 'outputs' to avoid re-running this script phase.\necho \"SUCCESS\" > \"${SCRIPT_OUTPUT_FILE_0}\"\n";
			showEnvVarsInLog = 0;
		};
		D6CEFA95BBB1F8BD966B13B0 /* [CP] Check Pods Manifest.lock */ = {
			isa = PBXShellScriptBuildPhase;
			buildActionMask = 2147483647;
			files = (
			);
			inputFileListPaths = (
			);
			inputPaths = (
				"${PODS_PODFILE_DIR_PATH}/Podfile.lock",
				"${PODS_ROOT}/Manifest.lock",
			);
			name = "[CP] Check Pods Manifest.lock";
			outputFileListPaths = (
			);
			outputPaths = (
				"$(DERIVED_FILE_DIR)/Pods-Chef KitTests-checkManifestLockResult.txt",
			);
			runOnlyForDeploymentPostprocessing = 0;
			shellPath = /bin/sh;
			shellScript = "diff \"${PODS_PODFILE_DIR_PATH}/Podfile.lock\" \"${PODS_ROOT}/Manifest.lock\" > /dev/null\nif [ $? != 0 ] ; then\n    # print error to STDERR\n    echo \"error: The sandbox is not in sync with the Podfile.lock. Run 'pod install' or update your CocoaPods installation.\" >&2\n    exit 1\nfi\n# This output is used by Xcode 'outputs' to avoid re-running this script phase.\necho \"SUCCESS\" > \"${SCRIPT_OUTPUT_FILE_0}\"\n";
			showEnvVarsInLog = 0;
		};
		E4FE5DB4B777760C61715B75 /* [CP] Check Pods Manifest.lock */ = {
			isa = PBXShellScriptBuildPhase;
			buildActionMask = 2147483647;
			files = (
			);
			inputFileListPaths = (
			);
			inputPaths = (
				"${PODS_PODFILE_DIR_PATH}/Podfile.lock",
				"${PODS_ROOT}/Manifest.lock",
			);
			name = "[CP] Check Pods Manifest.lock";
			outputFileListPaths = (
			);
			outputPaths = (
				"$(DERIVED_FILE_DIR)/Pods-Chef Kit-Chef KitUITests-checkManifestLockResult.txt",
			);
			runOnlyForDeploymentPostprocessing = 0;
			shellPath = /bin/sh;
			shellScript = "diff \"${PODS_PODFILE_DIR_PATH}/Podfile.lock\" \"${PODS_ROOT}/Manifest.lock\" > /dev/null\nif [ $? != 0 ] ; then\n    # print error to STDERR\n    echo \"error: The sandbox is not in sync with the Podfile.lock. Run 'pod install' or update your CocoaPods installation.\" >&2\n    exit 1\nfi\n# This output is used by Xcode 'outputs' to avoid re-running this script phase.\necho \"SUCCESS\" > \"${SCRIPT_OUTPUT_FILE_0}\"\n";
			showEnvVarsInLog = 0;
		};
		E60FA2B109DB85C9938DEB9C /* [CP] Embed Pods Frameworks */ = {
			isa = PBXShellScriptBuildPhase;
			buildActionMask = 2147483647;
			files = (
			);
			inputFileListPaths = (
				"${PODS_ROOT}/Target Support Files/Pods-Chef Kit/Pods-Chef Kit-frameworks-${CONFIGURATION}-input-files.xcfilelist",
			);
			name = "[CP] Embed Pods Frameworks";
			outputFileListPaths = (
				"${PODS_ROOT}/Target Support Files/Pods-Chef Kit/Pods-Chef Kit-frameworks-${CONFIGURATION}-output-files.xcfilelist",
			);
			runOnlyForDeploymentPostprocessing = 0;
			shellPath = /bin/sh;
			shellScript = "\"${PODS_ROOT}/Target Support Files/Pods-Chef Kit/Pods-Chef Kit-frameworks.sh\"\n";
			showEnvVarsInLog = 0;
		};
		F49AEB33772224AE4E547FC5 /* [CP] Embed Pods Frameworks */ = {
			isa = PBXShellScriptBuildPhase;
			buildActionMask = 2147483647;
			files = (
			);
			inputFileListPaths = (
				"${PODS_ROOT}/Target Support Files/Pods-Chef Kit-Chef KitUITests/Pods-Chef Kit-Chef KitUITests-frameworks-${CONFIGURATION}-input-files.xcfilelist",
			);
			name = "[CP] Embed Pods Frameworks";
			outputFileListPaths = (
				"${PODS_ROOT}/Target Support Files/Pods-Chef Kit-Chef KitUITests/Pods-Chef Kit-Chef KitUITests-frameworks-${CONFIGURATION}-output-files.xcfilelist",
			);
			runOnlyForDeploymentPostprocessing = 0;
			shellPath = /bin/sh;
			shellScript = "\"${PODS_ROOT}/Target Support Files/Pods-Chef Kit-Chef KitUITests/Pods-Chef Kit-Chef KitUITests-frameworks.sh\"\n";
			showEnvVarsInLog = 0;
		};
/* End PBXShellScriptBuildPhase section */

/* Begin PBXSourcesBuildPhase section */
		D1AD9C5325372010002ABFF5 /* Sources */ = {
			isa = PBXSourcesBuildPhase;
			buildActionMask = 2147483647;
			files = (
				D1AD9C5F25372010002ABFF5 /* ViewController.swift in Sources */,
				D1AD9C5B25372010002ABFF5 /* AppDelegate.swift in Sources */,
			);
			runOnlyForDeploymentPostprocessing = 0;
		};
		D1AD9C6925372015002ABFF5 /* Sources */ = {
			isa = PBXSourcesBuildPhase;
			buildActionMask = 2147483647;
			files = (
				D1AD9C7225372015002ABFF5 /* Chef_KitTests.swift in Sources */,
			);
			runOnlyForDeploymentPostprocessing = 0;
		};
		D1AD9C7425372015002ABFF5 /* Sources */ = {
			isa = PBXSourcesBuildPhase;
			buildActionMask = 2147483647;
			files = (
				D1AD9C7D25372015002ABFF5 /* Chef_KitUITests.swift in Sources */,
			);
			runOnlyForDeploymentPostprocessing = 0;
		};
/* End PBXSourcesBuildPhase section */

/* Begin PBXTargetDependency section */
		D1AD9C6F25372015002ABFF5 /* PBXTargetDependency */ = {
			isa = PBXTargetDependency;
			target = D1AD9C5625372010002ABFF5 /* Chef Kit */;
			targetProxy = D1AD9C6E25372015002ABFF5 /* PBXContainerItemProxy */;
		};
		D1AD9C7A25372015002ABFF5 /* PBXTargetDependency */ = {
			isa = PBXTargetDependency;
			target = D1AD9C5625372010002ABFF5 /* Chef Kit */;
			targetProxy = D1AD9C7925372015002ABFF5 /* PBXContainerItemProxy */;
		};
/* End PBXTargetDependency section */

/* Begin PBXVariantGroup section */
		D1AD9C6025372010002ABFF5 /* Main.storyboard */ = {
			isa = PBXVariantGroup;
			children = (
				D1AD9C6125372010002ABFF5 /* Base */,
			);
			name = Main.storyboard;
			sourceTree = "<group>";
		};
		D1AD9C6525372014002ABFF5 /* LaunchScreen.storyboard */ = {
			isa = PBXVariantGroup;
			children = (
				D1AD9C6625372014002ABFF5 /* Base */,
			);
			name = LaunchScreen.storyboard;
			sourceTree = "<group>";
		};
/* End PBXVariantGroup section */

/* Begin XCBuildConfiguration section */
		D1AD9C7F25372015002ABFF5 /* Debug */ = {
			isa = XCBuildConfiguration;
			buildSettings = {
				ALWAYS_SEARCH_USER_PATHS = NO;
				CLANG_ANALYZER_NONNULL = YES;
				CLANG_ANALYZER_NUMBER_OBJECT_CONVERSION = YES_AGGRESSIVE;
				CLANG_CXX_LANGUAGE_STANDARD = "gnu++14";
				CLANG_CXX_LIBRARY = "libc++";
				CLANG_ENABLE_MODULES = YES;
				CLANG_ENABLE_OBJC_ARC = YES;
				CLANG_ENABLE_OBJC_WEAK = YES;
				CLANG_WARN_BLOCK_CAPTURE_AUTORELEASING = YES;
				CLANG_WARN_BOOL_CONVERSION = YES;
				CLANG_WARN_COMMA = YES;
				CLANG_WARN_CONSTANT_CONVERSION = YES;
				CLANG_WARN_DEPRECATED_OBJC_IMPLEMENTATIONS = YES;
				CLANG_WARN_DIRECT_OBJC_ISA_USAGE = YES_ERROR;
				CLANG_WARN_DOCUMENTATION_COMMENTS = YES;
				CLANG_WARN_EMPTY_BODY = YES;
				CLANG_WARN_ENUM_CONVERSION = YES;
				CLANG_WARN_INFINITE_RECURSION = YES;
				CLANG_WARN_INT_CONVERSION = YES;
				CLANG_WARN_NON_LITERAL_NULL_CONVERSION = YES;
				CLANG_WARN_OBJC_IMPLICIT_RETAIN_SELF = YES;
				CLANG_WARN_OBJC_LITERAL_CONVERSION = YES;
				CLANG_WARN_OBJC_ROOT_CLASS = YES_ERROR;
				CLANG_WARN_RANGE_LOOP_ANALYSIS = YES;
				CLANG_WARN_STRICT_PROTOTYPES = YES;
				CLANG_WARN_SUSPICIOUS_MOVE = YES;
				CLANG_WARN_UNGUARDED_AVAILABILITY = YES_AGGRESSIVE;
				CLANG_WARN_UNREACHABLE_CODE = YES;
				CLANG_WARN__DUPLICATE_METHOD_MATCH = YES;
				COPY_PHASE_STRIP = NO;
				DEBUG_INFORMATION_FORMAT = dwarf;
				ENABLE_STRICT_OBJC_MSGSEND = YES;
				ENABLE_TESTABILITY = YES;
				GCC_C_LANGUAGE_STANDARD = gnu11;
				GCC_DYNAMIC_NO_PIC = NO;
				GCC_NO_COMMON_BLOCKS = YES;
				GCC_OPTIMIZATION_LEVEL = 0;
				GCC_PREPROCESSOR_DEFINITIONS = (
					"DEBUG=1",
					"$(inherited)",
				);
				GCC_WARN_64_TO_32_BIT_CONVERSION = YES;
				GCC_WARN_ABOUT_RETURN_TYPE = YES_ERROR;
				GCC_WARN_UNDECLARED_SELECTOR = YES;
				GCC_WARN_UNINITIALIZED_AUTOS = YES_AGGRESSIVE;
				GCC_WARN_UNUSED_FUNCTION = YES;
				GCC_WARN_UNUSED_VARIABLE = YES;
				IPHONEOS_DEPLOYMENT_TARGET = 13.2;
				MTL_ENABLE_DEBUG_INFO = INCLUDE_SOURCE;
				MTL_FAST_MATH = YES;
				ONLY_ACTIVE_ARCH = YES;
				SDKROOT = iphoneos;
				SWIFT_ACTIVE_COMPILATION_CONDITIONS = DEBUG;
				SWIFT_OPTIMIZATION_LEVEL = "-Onone";
			};
			name = Debug;
		};
		D1AD9C8025372015002ABFF5 /* Release */ = {
			isa = XCBuildConfiguration;
			buildSettings = {
				ALWAYS_SEARCH_USER_PATHS = NO;
				CLANG_ANALYZER_NONNULL = YES;
				CLANG_ANALYZER_NUMBER_OBJECT_CONVERSION = YES_AGGRESSIVE;
				CLANG_CXX_LANGUAGE_STANDARD = "gnu++14";
				CLANG_CXX_LIBRARY = "libc++";
				CLANG_ENABLE_MODULES = YES;
				CLANG_ENABLE_OBJC_ARC = YES;
				CLANG_ENABLE_OBJC_WEAK = YES;
				CLANG_WARN_BLOCK_CAPTURE_AUTORELEASING = YES;
				CLANG_WARN_BOOL_CONVERSION = YES;
				CLANG_WARN_COMMA = YES;
				CLANG_WARN_CONSTANT_CONVERSION = YES;
				CLANG_WARN_DEPRECATED_OBJC_IMPLEMENTATIONS = YES;
				CLANG_WARN_DIRECT_OBJC_ISA_USAGE = YES_ERROR;
				CLANG_WARN_DOCUMENTATION_COMMENTS = YES;
				CLANG_WARN_EMPTY_BODY = YES;
				CLANG_WARN_ENUM_CONVERSION = YES;
				CLANG_WARN_INFINITE_RECURSION = YES;
				CLANG_WARN_INT_CONVERSION = YES;
				CLANG_WARN_NON_LITERAL_NULL_CONVERSION = YES;
				CLANG_WARN_OBJC_IMPLICIT_RETAIN_SELF = YES;
				CLANG_WARN_OBJC_LITERAL_CONVERSION = YES;
				CLANG_WARN_OBJC_ROOT_CLASS = YES_ERROR;
				CLANG_WARN_RANGE_LOOP_ANALYSIS = YES;
				CLANG_WARN_STRICT_PROTOTYPES = YES;
				CLANG_WARN_SUSPICIOUS_MOVE = YES;
				CLANG_WARN_UNGUARDED_AVAILABILITY = YES_AGGRESSIVE;
				CLANG_WARN_UNREACHABLE_CODE = YES;
				CLANG_WARN__DUPLICATE_METHOD_MATCH = YES;
				COPY_PHASE_STRIP = NO;
				DEBUG_INFORMATION_FORMAT = "dwarf-with-dsym";
				ENABLE_NS_ASSERTIONS = NO;
				ENABLE_STRICT_OBJC_MSGSEND = YES;
				GCC_C_LANGUAGE_STANDARD = gnu11;
				GCC_NO_COMMON_BLOCKS = YES;
				GCC_WARN_64_TO_32_BIT_CONVERSION = YES;
				GCC_WARN_ABOUT_RETURN_TYPE = YES_ERROR;
				GCC_WARN_UNDECLARED_SELECTOR = YES;
				GCC_WARN_UNINITIALIZED_AUTOS = YES_AGGRESSIVE;
				GCC_WARN_UNUSED_FUNCTION = YES;
				GCC_WARN_UNUSED_VARIABLE = YES;
				IPHONEOS_DEPLOYMENT_TARGET = 13.2;
				MTL_ENABLE_DEBUG_INFO = NO;
				MTL_FAST_MATH = YES;
				SDKROOT = iphoneos;
				SWIFT_COMPILATION_MODE = wholemodule;
				SWIFT_OPTIMIZATION_LEVEL = "-O";
				VALIDATE_PRODUCT = YES;
			};
			name = Release;
		};
		D1AD9C8225372015002ABFF5 /* Debug */ = {
			isa = XCBuildConfiguration;
			baseConfigurationReference = B4A3D8BF4463225F4D5DE438 /* Pods-Chef Kit.debug.xcconfig */;
			buildSettings = {
				ASSETCATALOG_COMPILER_APPICON_NAME = AppIcon;
				CODE_SIGN_STYLE = Automatic;
				INFOPLIST_FILE = "Chef Kit/Info.plist";
				IPHONEOS_DEPLOYMENT_TARGET = 11.0;
				LD_RUNPATH_SEARCH_PATHS = (
					"$(inherited)",
					"@executable_path/Frameworks",
				);
				PRODUCT_BUNDLE_IDENTIFIER = "org.swesree.chef.Chef-Kit";
				PRODUCT_NAME = "$(TARGET_NAME)";
				SWIFT_VERSION = 5.0;
				TARGETED_DEVICE_FAMILY = 1;
			};
			name = Debug;
		};
		D1AD9C8325372015002ABFF5 /* Release */ = {
			isa = XCBuildConfiguration;
			baseConfigurationReference = B5B375FBB3DFC21ED560EA56 /* Pods-Chef Kit.release.xcconfig */;
			buildSettings = {
				ASSETCATALOG_COMPILER_APPICON_NAME = AppIcon;
				CODE_SIGN_STYLE = Automatic;
				INFOPLIST_FILE = "Chef Kit/Info.plist";
				IPHONEOS_DEPLOYMENT_TARGET = 11.0;
				LD_RUNPATH_SEARCH_PATHS = (
					"$(inherited)",
					"@executable_path/Frameworks",
				);
				PRODUCT_BUNDLE_IDENTIFIER = "org.swesree.chef.Chef-Kit";
				PRODUCT_NAME = "$(TARGET_NAME)";
				SWIFT_VERSION = 5.0;
				TARGETED_DEVICE_FAMILY = 1;
			};
			name = Release;
		};
		D1AD9C8525372015002ABFF5 /* Debug */ = {
			isa = XCBuildConfiguration;
			baseConfigurationReference = A9A6C98CB6013CE1B39D2F35 /* Pods-Chef KitTests.debug.xcconfig */;
			buildSettings = {
				ALWAYS_EMBED_SWIFT_STANDARD_LIBRARIES = YES;
				BUNDLE_LOADER = "$(TEST_HOST)";
				CODE_SIGN_STYLE = Automatic;
				INFOPLIST_FILE = "Chef KitTests/Info.plist";
				IPHONEOS_DEPLOYMENT_TARGET = 13.2;
				LD_RUNPATH_SEARCH_PATHS = (
					"$(inherited)",
					"@executable_path/Frameworks",
					"@loader_path/Frameworks",
				);
				PRODUCT_BUNDLE_IDENTIFIER = "org.swesree.chef.Chef-KitTests";
				PRODUCT_NAME = "$(TARGET_NAME)";
				SWIFT_VERSION = 5.0;
				TARGETED_DEVICE_FAMILY = "1,2";
				TEST_HOST = "$(BUILT_PRODUCTS_DIR)/Chef Kit.app/Chef Kit";
			};
			name = Debug;
		};
		D1AD9C8625372015002ABFF5 /* Release */ = {
			isa = XCBuildConfiguration;
			baseConfigurationReference = 4CF4CE5533A4C430FEA99F13 /* Pods-Chef KitTests.release.xcconfig */;
			buildSettings = {
				ALWAYS_EMBED_SWIFT_STANDARD_LIBRARIES = YES;
				BUNDLE_LOADER = "$(TEST_HOST)";
				CODE_SIGN_STYLE = Automatic;
				INFOPLIST_FILE = "Chef KitTests/Info.plist";
				IPHONEOS_DEPLOYMENT_TARGET = 13.2;
				LD_RUNPATH_SEARCH_PATHS = (
					"$(inherited)",
					"@executable_path/Frameworks",
					"@loader_path/Frameworks",
				);
				PRODUCT_BUNDLE_IDENTIFIER = "org.swesree.chef.Chef-KitTests";
				PRODUCT_NAME = "$(TARGET_NAME)";
				SWIFT_VERSION = 5.0;
				TARGETED_DEVICE_FAMILY = "1,2";
				TEST_HOST = "$(BUILT_PRODUCTS_DIR)/Chef Kit.app/Chef Kit";
			};
			name = Release;
		};
		D1AD9C8825372015002ABFF5 /* Debug */ = {
			isa = XCBuildConfiguration;
			baseConfigurationReference = 3F9284390C6D3031672DD8F2 /* Pods-Chef Kit-Chef KitUITests.debug.xcconfig */;
			buildSettings = {
				ALWAYS_EMBED_SWIFT_STANDARD_LIBRARIES = YES;
				CODE_SIGN_STYLE = Automatic;
				INFOPLIST_FILE = "Chef KitUITests/Info.plist";
				LD_RUNPATH_SEARCH_PATHS = (
					"$(inherited)",
					"@executable_path/Frameworks",
					"@loader_path/Frameworks",
				);
				PRODUCT_BUNDLE_IDENTIFIER = "org.swesree.chef.Chef-KitUITests";
				PRODUCT_NAME = "$(TARGET_NAME)";
				SWIFT_VERSION = 5.0;
				TARGETED_DEVICE_FAMILY = "1,2";
				TEST_TARGET_NAME = "Chef Kit";
			};
			name = Debug;
		};
		D1AD9C8925372015002ABFF5 /* Release */ = {
			isa = XCBuildConfiguration;
			baseConfigurationReference = DEB361181385FE7B67ECB5FE /* Pods-Chef Kit-Chef KitUITests.release.xcconfig */;
			buildSettings = {
				ALWAYS_EMBED_SWIFT_STANDARD_LIBRARIES = YES;
				CODE_SIGN_STYLE = Automatic;
				INFOPLIST_FILE = "Chef KitUITests/Info.plist";
				LD_RUNPATH_SEARCH_PATHS = (
					"$(inherited)",
					"@executable_path/Frameworks",
					"@loader_path/Frameworks",
				);
				PRODUCT_BUNDLE_IDENTIFIER = "org.swesree.chef.Chef-KitUITests";
				PRODUCT_NAME = "$(TARGET_NAME)";
				SWIFT_VERSION = 5.0;
				TARGETED_DEVICE_FAMILY = "1,2";
				TEST_TARGET_NAME = "Chef Kit";
			};
			name = Release;
		};
/* End XCBuildConfiguration section */

/* Begin XCConfigurationList section */
		D1AD9C5225372010002ABFF5 /* Build configuration list for PBXProject "Chef Kit" */ = {
			isa = XCConfigurationList;
			buildConfigurations = (
				D1AD9C7F25372015002ABFF5 /* Debug */,
				D1AD9C8025372015002ABFF5 /* Release */,
			);
			defaultConfigurationIsVisible = 0;
			defaultConfigurationName = Release;
		};
		D1AD9C8125372015002ABFF5 /* Build configuration list for PBXNativeTarget "Chef Kit" */ = {
			isa = XCConfigurationList;
			buildConfigurations = (
				D1AD9C8225372015002ABFF5 /* Debug */,
				D1AD9C8325372015002ABFF5 /* Release */,
			);
			defaultConfigurationIsVisible = 0;
			defaultConfigurationName = Release;
		};
		D1AD9C8425372015002ABFF5 /* Build configuration list for PBXNativeTarget "Chef KitTests" */ = {
			isa = XCConfigurationList;
			buildConfigurations = (
				D1AD9C8525372015002ABFF5 /* Debug */,
				D1AD9C8625372015002ABFF5 /* Release */,
			);
			defaultConfigurationIsVisible = 0;
			defaultConfigurationName = Release;
		};
		D1AD9C8725372015002ABFF5 /* Build configuration list for PBXNativeTarget "Chef KitUITests" */ = {
			isa = XCConfigurationList;
			buildConfigurations = (
				D1AD9C8825372015002ABFF5 /* Debug */,
				D1AD9C8925372015002ABFF5 /* Release */,
			);
			defaultConfigurationIsVisible = 0;
			defaultConfigurationName = Release;
		};
/* End XCConfigurationList section */
	};
	rootObject = D1AD9C4F25372010002ABFF5 /* Project object */;
}
